
Microsoft Visual Studio Solution File, Format Version 12.00
# Visual Studio Version 17
VisualStudioVersion = 17.4.33122.133
MinimumVisualStudioVersion = 10.0.40219.1
Project("{FAE04EC0-301F-11D3-BF4B-00C04F79EFBC}") = "BuySell.Core", "BuySell.Core\BuySell.Core.csproj", "{D0E6FD20-8B98-4F75-B527-80AC27CB4F1F}"
EndProject
Project("{FAE04EC0-301F-11D3-BF4B-00C04F79EFBC}") = "BuySell.Models", "BuySell.Models\BuySell.Models.csproj", "{01B7C17D-10D9-42E9-A872-5A001DA449D3}"
EndProject
Project("{FAE04EC0-301F-11D3-BF4B-00C04F79EFBC}") = "BuySell.Dal", "BuySell.Dal\BuySell.Dal.csproj", "{3FB77094-AB20-4BA8-ACB4-16CB143AA99E}"
EndProject
Global
	GlobalSection(SolutionConfigurationPlatforms) = preSolution
		Debug|Any CPU = Debug|Any CPU
		Release|Any CPU = Release|Any CPU
	EndGlobalSection
	GlobalSection(ProjectConfigurationPlatforms) = postSolution
		{D0E6FD20-8B98-4F75-B527-80AC27CB4F1F}.Debug|Any CPU.ActiveCfg = Debug|Any CPU
		{D0E6FD20-8B98-4F75-B527-80AC27CB4F1F}.Debug|Any CPU.Build.0 = Debug|Any CPU
		{D0E6FD20-8B98-4F75-B527-80AC27CB4F1F}.Release|Any CPU.ActiveCfg = Release|Any CPU
		{D0E6FD20-8B98-4F75-B527-80AC27CB4F1F}.Release|Any CPU.Build.0 = Release|Any CPU
		{01B7C17D-10D9-42E9-A872-5A001DA449D3}.Debug|Any CPU.ActiveCfg = Debug|Any CPU
		{01B7C17D-10D9-42E9-A872-5A001DA449D3}.Debug|Any CPU.Build.0 = Debug|Any CPU
		{01B7C17D-10D9-42E9-A872-5A001DA449D3}.Release|Any CPU.ActiveCfg = Release|Any CPU
		{01B7C17D-10D9-42E9-A872-5A001DA449D3}.Release|Any CPU.Build.0 = Release|Any CPU
		{3FB77094-AB20-4BA8-ACB4-16CB143AA99E}.Debug|Any CPU.ActiveCfg = Debug|Any CPU
		{3FB77094-AB20-4BA8-ACB4-16CB143AA99E}.Debug|Any CPU.Build.0 = Debug|Any CPU
		{3FB77094-AB20-4BA8-ACB4-16CB143AA99E}.Release|Any CPU.ActiveCfg = Release|Any CPU
		{3FB77094-AB20-4BA8-ACB4-16CB143AA99E}.Release|Any CPU.Build.0 = Release|Any CPU
	EndGlobalSection
	GlobalSection(SolutionProperties) = preSolution
		HideSolutionNode = FALSE
	EndGlobalSection
	GlobalSection(ExtensibilityGlobals) = postSolution
		SolutionGuid = {53687DA0-5112-4248-9279-E77CD1F57E4B}
	EndGlobalSection
EndGlobal
